// !$*UTF8*$!
{
	archiveVersion = 1;
	classes = {
	};
	objectVersion = 46;
	objects = {

/* Begin PBXBuildFile section */
		F92095601C3CE3DA0042C30D /* AppDelegate.swift in Sources */ = {isa = PBXBuildFile; fileRef = F920955F1C3CE3DA0042C30D /* AppDelegate.swift */; };
		F92095621C3CE3DA0042C30D /* ViewController.swift in Sources */ = {isa = PBXBuildFile; fileRef = F92095611C3CE3DA0042C30D /* ViewController.swift */; };
		F92095651C3CE3DA0042C30D /* Main.storyboard in Resources */ = {isa = PBXBuildFile; fileRef = F92095631C3CE3DA0042C30D /* Main.storyboard */; };
		F92095671C3CE3DA0042C30D /* Assets.xcassets in Resources */ = {isa = PBXBuildFile; fileRef = F92095661C3CE3DA0042C30D /* Assets.xcassets */; };
		F920956A1C3CE3DA0042C30D /* LaunchScreen.storyboard in Resources */ = {isa = PBXBuildFile; fileRef = F92095681C3CE3DA0042C30D /* LaunchScreen.storyboard */; };
		F920957A1C3CE5580042C30D /* death_yell.wav in Resources */ = {isa = PBXBuildFile; fileRef = F92095721C3CE5580042C30D /* death_yell.wav */; };
		F920957B1C3CE5580042C30D /* enemy_death.wav in Resources */ = {isa = PBXBuildFile; fileRef = F92095731C3CE5580042C30D /* enemy_death.wav */; };
		F920957C1C3CE5580042C30D /* hit.wav in Resources */ = {isa = PBXBuildFile; fileRef = F92095741C3CE5580042C30D /* hit.wav */; };
		F920957D1C3CE5580042C30D /* hit2.wav in Resources */ = {isa = PBXBuildFile; fileRef = F92095751C3CE5580042C30D /* hit2.wav */; };
		F920957E1C3CE5580042C30D /* lose.wav in Resources */ = {isa = PBXBuildFile; fileRef = F92095761C3CE5580042C30D /* lose.wav */; };
		F920957F1C3CE5580042C30D /* soundtrack.wav in Resources */ = {isa = PBXBuildFile; fileRef = F92095771C3CE5580042C30D /* soundtrack.wav */; };
		F92095801C3CE5580042C30D /* swipe.wav in Resources */ = {isa = PBXBuildFile; fileRef = F92095781C3CE5580042C30D /* swipe.wav */; };
		F92095811C3CE5580042C30D /* victory.wav in Resources */ = {isa = PBXBuildFile; fileRef = F92095791C3CE5580042C30D /* victory.wav */; };
/* End PBXBuildFile section */

/* Begin PBXFileReference section */
		F920955C1C3CE3DA0042C30D /* Battle.app */ = {isa = PBXFileReference; explicitFileType = wrapper.application; includeInIndex = 0; path = Battle.app; sourceTree = BUILT_PRODUCTS_DIR; };
		F920955F1C3CE3DA0042C30D /* AppDelegate.swift */ = {isa = PBXFileReference; lastKnownFileType = sourcecode.swift; path = AppDelegate.swift; sourceTree = "<group>"; };
		F92095611C3CE3DA0042C30D /* ViewController.swift */ = {isa = PBXFileReference; lastKnownFileType = sourcecode.swift; path = ViewController.swift; sourceTree = "<group>"; };
		F92095641C3CE3DA0042C30D /* Base */ = {isa = PBXFileReference; lastKnownFileType = file.storyboard; name = Base; path = Base.lproj/Main.storyboard; sourceTree = "<group>"; };
		F92095661C3CE3DA0042C30D /* Assets.xcassets */ = {isa = PBXFileReference; lastKnownFileType = folder.assetcatalog; path = Assets.xcassets; sourceTree = "<group>"; };
		F92095691C3CE3DA0042C30D /* Base */ = {isa = PBXFileReference; lastKnownFileType = file.storyboard; name = Base; path = Base.lproj/LaunchScreen.storyboard; sourceTree = "<group>"; };
		F920956B1C3CE3DA0042C30D /* Info.plist */ = {isa = PBXFileReference; lastKnownFileType = text.plist.xml; path = Info.plist; sourceTree = "<group>"; };
		F92095721C3CE5580042C30D /* death_yell.wav */ = {isa = PBXFileReference; lastKnownFileType = audio.wav; path = death_yell.wav; sourceTree = "<group>"; };
		F92095731C3CE5580042C30D /* enemy_death.wav */ = {isa = PBXFileReference; lastKnownFileType = audio.wav; path = enemy_death.wav; sourceTree = "<group>"; };
		F92095741C3CE5580042C30D /* hit.wav */ = {isa = PBXFileReference; lastKnownFileType = audio.wav; path = hit.wav; sourceTree = "<group>"; };
		F92095751C3CE5580042C30D /* hit2.wav */ = {isa = PBXFileReference; lastKnownFileType = audio.wav; path = hit2.wav; sourceTree = "<group>"; };
		F92095761C3CE5580042C30D /* lose.wav */ = {isa = PBXFileReference; lastKnownFileType = audio.wav; path = lose.wav; sourceTree = "<group>"; };
		F92095771C3CE5580042C30D /* soundtrack.wav */ = {isa = PBXFileReference; lastKnownFileType = audio.wav; path = soundtrack.wav; sourceTree = "<group>"; };
		F92095781C3CE5580042C30D /* swipe.wav */ = {isa = PBXFileReference; lastKnownFileType = audio.wav; path = swipe.wav; sourceTree = "<group>"; };
		F92095791C3CE5580042C30D /* victory.wav */ = {isa = PBXFileReference; lastKnownFileType = audio.wav; path = victory.wav; sourceTree = "<group>"; };
/* End PBXFileReference section */

/* Begin PBXFrameworksBuildPhase section */
		F92095591C3CE3DA0042C30D /* Frameworks */ = {
			isa = PBXFrameworksBuildPhase;
			buildActionMask = 2147483647;
			files = (
			);
			runOnlyForDeploymentPostprocessing = 0;
		};
/* End PBXFrameworksBuildPhase section */

/* Begin PBXGroup section */
		F92095531C3CE3DA0042C30D = {
			isa = PBXGroup;
			children = (
				F920955E1C3CE3DA0042C30D /* Battle */,
				F920955D1C3CE3DA0042C30D /* Products */,
			);
			sourceTree = "<group>";
		};
		F920955D1C3CE3DA0042C30D /* Products */ = {
			isa = PBXGroup;
			children = (
				F920955C1C3CE3DA0042C30D /* Battle.app */,
			);
			name = Products;
			sourceTree = "<group>";
		};
		F920955E1C3CE3DA0042C30D /* Battle */ = {
			isa = PBXGroup;
			children = (
				F92095841C3CE8340042C30D /* Controller */,
				F92095831C3CE82D0042C30D /* View */,
				F92095821C3CE8260042C30D /* Model */,
				F92095711C3CE4E60042C30D /* Resources */,
				F920955F1C3CE3DA0042C30D /* AppDelegate.swift */,
				F92095611C3CE3DA0042C30D /* ViewController.swift */,
				F92095631C3CE3DA0042C30D /* Main.storyboard */,
				F92095661C3CE3DA0042C30D /* Assets.xcassets */,
				F92095681C3CE3DA0042C30D /* LaunchScreen.storyboard */,
				F920956B1C3CE3DA0042C30D /* Info.plist */,
			);
			path = Battle;
			sourceTree = "<group>";
		};
		F92095711C3CE4E60042C30D /* Resources */ = {
			isa = PBXGroup;
			children = (
				F92095721C3CE5580042C30D /* death_yell.wav */,
				F92095731C3CE5580042C30D /* enemy_death.wav */,
				F92095741C3CE5580042C30D /* hit.wav */,
				F92095751C3CE5580042C30D /* hit2.wav */,
				F92095761C3CE5580042C30D /* lose.wav */,
				F92095771C3CE5580042C30D /* soundtrack.wav */,
				F92095781C3CE5580042C30D /* swipe.wav */,
				F92095791C3CE5580042C30D /* victory.wav */,
			);
			name = Resources;
			sourceTree = "<group>";
		};
		F92095821C3CE8260042C30D /* Model */ = {
			isa = PBXGroup;
			children = (
			);
			name = Model;
			sourceTree = "<group>";
		};
		F92095831C3CE82D0042C30D /* View */ = {
			isa = PBXGroup;
			children = (
			);
			name = View;
			sourceTree = "<group>";
		};
		F92095841C3CE8340042C30D /* Controller */ = {
			isa = PBXGroup;
			children = (
			);
			name = Controller;
			sourceTree = "<group>";
		};
/* End PBXGroup section */

/* Begin PBXNativeTarget section */
		F920955B1C3CE3DA0042C30D /* Battle */ = {
			isa = PBXNativeTarget;
			buildConfigurationList = F920956E1C3CE3DA0042C30D /* Build configuration list for PBXNativeTarget "Battle" */;
			buildPhases = (
				F92095581C3CE3DA0042C30D /* Sources */,
				F92095591C3CE3DA0042C30D /* Frameworks */,
				F920955A1C3CE3DA0042C30D /* Resources */,
			);
			buildRules = (
			);
			dependencies = (
			);
			name = Battle;
			productName = Battle;
			productReference = F920955C1C3CE3DA0042C30D /* Battle.app */;
			productType = "com.apple.product-type.application";
		};
/* End PBXNativeTarget section */

/* Begin PBXProject section */
		F92095541C3CE3DA0042C30D /* Project object */ = {
			isa = PBXProject;
			attributes = {
				LastSwiftUpdateCheck = 0720;
				LastUpgradeCheck = 0720;
				ORGANIZATIONNAME = "Jonny B";
				TargetAttributes = {
					F920955B1C3CE3DA0042C30D = {
						CreatedOnToolsVersion = 7.2;
					};
				};
			};
			buildConfigurationList = F92095571C3CE3DA0042C30D /* Build configuration list for PBXProject "Battle" */;
			compatibilityVersion = "Xcode 3.2";
			developmentRegion = English;
			hasScannedForEncodings = 0;
			knownRegions = (
				en,
				Base,
			);
			mainGroup = F92095531C3CE3DA0042C30D;
			productRefGroup = F920955D1C3CE3DA0042C30D /* Products */;
			projectDirPath = "";
			projectRoot = "";
			targets = (
				F920955B1C3CE3DA0042C30D /* Battle */,
			);
		};
/* End PBXProject section */

/* Begin PBXResourcesBuildPhase section */
		F920955A1C3CE3DA0042C30D /* Resources */ = {
			isa = PBXResourcesBuildPhase;
			buildActionMask = 2147483647;
			files = (
				F920957C1C3CE5580042C30D /* hit.wav in Resources */,
				F920956A1C3CE3DA0042C30D /* LaunchScreen.storyboard in Resources */,
				F92095811C3CE5580042C30D /* victory.wav in Resources */,
				F920957F1C3CE5580042C30D /* soundtrack.wav in Resources */,
				F92095801C3CE5580042C30D /* swipe.wav in Resources */,
				F920957A1C3CE5580042C30D /* death_yell.wav in Resources */,
				F92095671C3CE3DA0042C30D /* Assets.xcassets in Resources */,
				F920957B1C3CE5580042C30D /* enemy_death.wav in Resources */,
				F920957D1C3CE5580042C30D /* hit2.wav in Resources */,
				F92095651C3CE3DA0042C30D /* Main.storyboard in Resources */,
				F920957E1C3CE5580042C30D /* lose.wav in Resources */,
			);
			runOnlyForDeploymentPostprocessing = 0;
		};
/* End PBXResourcesBuildPhase section */

/* Begin PBXSourcesBuildPhase section */
		F92095581C3CE3DA0042C30D /* Sources */ = {
			isa = PBXSourcesBuildPhase;
			buildActionMask = 2147483647;
			files = (
				F92095621C3CE3DA0042C30D /* ViewController.swift in Sources */,
				F92095601C3CE3DA0042C30D /* AppDelegate.swift in Sources */,
			);
			runOnlyForDeploymentPostprocessing = 0;
		};
/* End PBXSourcesBuildPhase section */

/* Begin PBXVariantGroup section */
		F92095631C3CE3DA0042C30D /* Main.storyboard */ = {
			isa = PBXVariantGroup;
			children = (
				F92095641C3CE3DA0042C30D /* Base */,
			);
			name = Main.storyboard;
			sourceTree = "<group>";
		};
		F92095681C3CE3DA0042C30D /* LaunchScreen.storyboard */ = {
			isa = PBXVariantGroup;
			children = (
				F92095691C3CE3DA0042C30D /* Base */,
			);
			name = LaunchScreen.storyboard;
			sourceTree = "<group>";
		};
/* End PBXVariantGroup section */

/* Begin XCBuildConfiguration section */
		F920956C1C3CE3DA0042C30D /* Debug */ = {
			isa = XCBuildConfiguration;
			buildSettings = {
				ALWAYS_SEARCH_USER_PATHS = NO;
				CLANG_CXX_LANGUAGE_STANDARD = "gnu++0x";
				CLANG_CXX_LIBRARY = "libc++";
				CLANG_ENABLE_MODULES = YES;
				CLANG_ENABLE_OBJC_ARC = YES;
				CLANG_WARN_BOOL_CONVERSION = YES;
				CLANG_WARN_CONSTANT_CONVERSION = YES;
				CLANG_WARN_DIRECT_OBJC_ISA_USAGE = YES_ERROR;
				CLANG_WARN_EMPTY_BODY = YES;
				CLANG_WARN_ENUM_CONVERSION = YES;
				CLANG_WARN_INT_CONVERSION = YES;
				CLANG_WARN_OBJC_ROOT_CLASS = YES_ERROR;
				CLANG_WARN_UNREACHABLE_CODE = YES;
				CLANG_WARN__DUPLICATE_METHOD_MATCH = YES;
				"CODE_SIGN_IDENTITY[sdk=iphoneos*]" = "iPhone Developer";
				COPY_PHASE_STRIP = NO;
				DEBUG_INFORMATION_FORMAT = dwarf;
				ENABLE_STRICT_OBJC_MSGSEND = YES;
				ENABLE_TESTABILITY = YES;
				GCC_C_LANGUAGE_STANDARD = gnu99;
				GCC_DYNAMIC_NO_PIC = NO;
				GCC_NO_COMMON_BLOCKS = YES;
				GCC_OPTIMIZATION_LEVEL = 0;
				GCC_PREPROCESSOR_DEFINITIONS = (
					"DEBUG=1",
					"$(inherited)",
				);
				GCC_WARN_64_TO_32_BIT_CONVERSION = YES;
				GCC_WARN_ABOUT_RETURN_TYPE = YES_ERROR;
				GCC_WARN_UNDECLARED_SELECTOR = YES;
				GCC_WARN_UNINITIALIZED_AUTOS = YES_AGGRESSIVE;
				GCC_WARN_UNUSED_FUNCTION = YES;
				GCC_WARN_UNUSED_VARIABLE = YES;
				IPHONEOS_DEPLOYMENT_TARGET = 9.2;
				MTL_ENABLE_DEBUG_INFO = YES;
				ONLY_ACTIVE_ARCH = YES;
				SDKROOT = iphoneos;
				SWIFT_OPTIMIZATION_LEVEL = "-Onone";
			};
			name = Debug;
		};
		F920956D1C3CE3DA0042C30D /* Release */ = {
			isa = XCBuildConfiguration;
			buildSettings = {
				ALWAYS_SEARCH_USER_PATHS = NO;
				CLANG_CXX_LANGUAGE_STANDARD = "gnu++0x";
				CLANG_CXX_LIBRARY = "libc++";
				CLANG_ENABLE_MODULES = YES;
				CLANG_ENABLE_OBJC_ARC = YES;
				CLANG_WARN_BOOL_CONVERSION = YES;
				CLANG_WARN_CONSTANT_CONVERSION = YES;
				CLANG_WARN_DIRECT_OBJC_ISA_USAGE = YES_ERROR;
				CLANG_WARN_EMPTY_BODY = YES;
				CLANG_WARN_ENUM_CONVERSION = YES;
				CLANG_WARN_INT_CONVERSION = YES;
				CLANG_WARN_OBJC_ROOT_CLASS = YES_ERROR;
				CLANG_WARN_UNREACHABLE_CODE = YES;
				CLANG_WARN__DUPLICATE_METHOD_MATCH = YES;
				"CODE_SIGN_IDENTITY[sdk=iphoneos*]" = "iPhone Developer";
				COPY_PHASE_STRIP = NO;
				DEBUG_INFORMATION_FORMAT = "dwarf-with-dsym";
				ENABLE_NS_ASSERTIONS = NO;
				ENABLE_STRICT_OBJC_MSGSEND = YES;
				GCC_C_LANGUAGE_STANDARD = gnu99;
				GCC_NO_COMMON_BLOCKS = YES;
				GCC_WARN_64_TO_32_BIT_CONVERSION = YES;
				GCC_WARN_ABOUT_RETURN_TYPE = YES_ERROR;
				GCC_WARN_UNDECLARED_SELECTOR = YES;
				GCC_WARN_UNINITIALIZED_AUTOS = YES_AGGRESSIVE;
				GCC_WARN_UNUSED_FUNCTION = YES;
				GCC_WARN_UNUSED_VARIABLE = YES;
				IPHONEOS_DEPLOYMENT_TARGET = 9.2;
				MTL_ENABLE_DEBUG_INFO = NO;
				SDKROOT = iphoneos;
				VALIDATE_PRODUCT = YES;
			};
			name = Release;
		};
		F920956F1C3CE3DA0042C30D /* Debug */ = {
			isa = XCBuildConfiguration;
			buildSettings = {
				ASSETCATALOG_COMPILER_APPICON_NAME = AppIcon;
				INFOPLIST_FILE = Battle/Info.plist;
				LD_RUNPATH_SEARCH_PATHS = "$(inherited) @executable_path/Frameworks";
				PRODUCT_BUNDLE_IDENTIFIER = self.edu.jonathan.Battle;
				PRODUCT_NAME = "$(TARGET_NAME)";
			};
			name = Debug;
		};
		F92095701C3CE3DA0042C30D /* Release */ = {
			isa = XCBuildConfiguration;
			buildSettings = {
				ASSETCATALOG_COMPILER_APPICON_NAME = AppIcon;
				INFOPLIST_FILE = Battle/Info.plist;
				LD_RUNPATH_SEARCH_PATHS = "$(inherited) @executable_path/Frameworks";
				PRODUCT_BUNDLE_IDENTIFIER = self.edu.jonathan.Battle;
				PRODUCT_NAME = "$(TARGET_NAME)";
			};
			name = Release;
		};
/* End XCBuildConfiguration section */

/* Begin XCConfigurationList section */
		F92095571C3CE3DA0042C30D /* Build configuration list for PBXProject "Battle" */ = {
			isa = XCConfigurationList;
			buildConfigurations = (
				F920956C1C3CE3DA0042C30D /* Debug */,
				F920956D1C3CE3DA0042C30D /* Release */,
			);
			defaultConfigurationIsVisible = 0;
			defaultConfigurationName = Release;
		};
		F920956E1C3CE3DA0042C30D /* Build configuration list for PBXNativeTarget "Battle" */ = {
			isa = XCConfigurationList;
			buildConfigurations = (
				F920956F1C3CE3DA0042C30D /* Debug */,
				F92095701C3CE3DA0042C30D /* Release */,
			);
			defaultConfigurationIsVisible = 0;
		};
/* End XCConfigurationList section */
	};
	rootObject = F92095541C3CE3DA0042C30D /* Project object */;
}
